// !$*UTF8*$!
{
	archiveVersion = 1;
	classes = {
	};
	objectVersion = 56;
	objects = {

/* Begin PBXBuildFile section */
		BBB9F8C72D86643400D604C9 /* File.swift in Sources */ = {isa = PBXBuildFile; fileRef = BBB9F8C62D86643400D604C9 /* File.swift */; };
/* End PBXBuildFile section */

/* Begin PBXContainerItemProxy section */
		BBB9F83B2D8143AC00D604C9 /* PBXContainerItemProxy */ = {
			isa = PBXContainerItemProxy;
			containerPortal = BBB9F8222D8143AB00D604C9 /* Project object */;
			proxyType = 1;
			remoteGlobalIDString = BBB9F8292D8143AB00D604C9;
			remoteInfo = taskXP;
		};
		BBB9F8452D8143AC00D604C9 /* PBXContainerItemProxy */ = {
			isa = PBXContainerItemProxy;
			containerPortal = BBB9F8222D8143AB00D604C9 /* Project object */;
			proxyType = 1;
			remoteGlobalIDString = BBB9F8292D8143AB00D604C9;
			remoteInfo = taskXP;
		};
/* End PBXContainerItemProxy section */

/* Begin PBXFileReference section */
		BBB9F82A2D8143AB00D604C9 /* taskXP.app */ = {isa = PBXFileReference; explicitFileType = wrapper.application; includeInIndex = 0; path = taskXP.app; sourceTree = BUILT_PRODUCTS_DIR; };
		BBB9F83A2D8143AC00D604C9 /* taskXPTests.xctest */ = {isa = PBXFileReference; explicitFileType = wrapper.cfbundle; includeInIndex = 0; path = taskXPTests.xctest; sourceTree = BUILT_PRODUCTS_DIR; };
		BBB9F8442D8143AC00D604C9 /* taskXPUITests.xctest */ = {isa = PBXFileReference; explicitFileType = wrapper.cfbundle; includeInIndex = 0; path = taskXPUITests.xctest; sourceTree = BUILT_PRODUCTS_DIR; };
		BBB9F89C2D8663D700D604C9 /* Contents.json */ = {isa = PBXFileReference; lastKnownFileType = text.json; path = Contents.json; sourceTree = "<group>"; };
		BBB9F89E2D8663D700D604C9 /* Contents.json */ = {isa = PBXFileReference; lastKnownFileType = text.json; path = Contents.json; sourceTree = "<group>"; };
		BBB9F89F2D8663D700D604C9 /* eyes.pdf */ = {isa = PBXFileReference; lastKnownFileType = image.pdf; path = eyes.pdf; sourceTree = "<group>"; };
		BBB9F8A12D8663D700D604C9 /* pipul.pdf */ = {isa = PBXFileReference; lastKnownFileType = image.pdf; path = pipul.pdf; sourceTree = "<group>"; };
		BBB9F8A22D8663D700D604C9 /* Contents.json */ = {isa = PBXFileReference; lastKnownFileType = text.json; path = Contents.json; sourceTree = "<group>"; };
		BBB9F8A42D8663D700D604C9 /* Contents.json */ = {isa = PBXFileReference; lastKnownFileType = text.json; path = Contents.json; sourceTree = "<group>"; };
		BBB9F8A52D8663D700D604C9 /* leftHand.pdf */ = {isa = PBXFileReference; lastKnownFileType = image.pdf; path = leftHand.pdf; sourceTree = "<group>"; };
		BBB9F8A72D8663D700D604C9 /* Contents.json */ = {isa = PBXFileReference; lastKnownFileType = text.json; path = Contents.json; sourceTree = "<group>"; };
		BBB9F8A82D8663D700D604C9 /* rightHand.pdf */ = {isa = PBXFileReference; lastKnownFileType = image.pdf; path = rightHand.pdf; sourceTree = "<group>"; };
		BBB9F8AA2D8663D700D604C9 /* Contents.json */ = {isa = PBXFileReference; lastKnownFileType = text.json; path = Contents.json; sourceTree = "<group>"; };
		BBB9F8AB2D8663D700D604C9 /* body.pdf */ = {isa = PBXFileReference; lastKnownFileType = image.pdf; path = body.pdf; sourceTree = "<group>"; };
		BBB9F8AD2D8663D700D604C9 /* thoung.pdf */ = {isa = PBXFileReference; lastKnownFileType = image.pdf; path = thoung.pdf; sourceTree = "<group>"; };
		BBB9F8AE2D8663D700D604C9 /* Contents.json */ = {isa = PBXFileReference; lastKnownFileType = text.json; path = Contents.json; sourceTree = "<group>"; };
		BBB9F8B02D8663D700D604C9 /* Contents.json */ = {isa = PBXFileReference; lastKnownFileType = text.json; path = Contents.json; sourceTree = "<group>"; };
		BBB9F8B12D8663D700D604C9 /* face.pdf */ = {isa = PBXFileReference; lastKnownFileType = image.pdf; path = face.pdf; sourceTree = "<group>"; };
		BBB9F8B32D8663D800D604C9 /* Contents.json */ = {isa = PBXFileReference; lastKnownFileType = text.json; path = Contents.json; sourceTree = "<group>"; };
		BBB9F8B42D8663D800D604C9 /* floor.pdf */ = {isa = PBXFileReference; lastKnownFileType = image.pdf; path = floor.pdf; sourceTree = "<group>"; };
		BBB9F8B62D8663D800D604C9 /* Contents.json */ = {isa = PBXFileReference; lastKnownFileType = text.json; path = Contents.json; sourceTree = "<group>"; };
		BBB9F8B72D8663D800D604C9 /* eyelid.pdf */ = {isa = PBXFileReference; lastKnownFileType = image.pdf; path = eyelid.pdf; sourceTree = "<group>"; };
		BBB9F8B92D8663D800D604C9 /* nose.pdf */ = {isa = PBXFileReference; lastKnownFileType = image.pdf; path = nose.pdf; sourceTree = "<group>"; };
		BBB9F8BA2D8663D800D604C9 /* Contents.json */ = {isa = PBXFileReference; lastKnownFileType = text.json; path = Contents.json; sourceTree = "<group>"; };
		BBB9F8BC2D8663D800D604C9 /* legLeft.pdf */ = {isa = PBXFileReference; lastKnownFileType = image.pdf; path = legLeft.pdf; sourceTree = "<group>"; };
		BBB9F8BD2D8663D800D604C9 /* Contents.json */ = {isa = PBXFileReference; lastKnownFileType = text.json; path = Contents.json; sourceTree = "<group>"; };
		BBB9F8BF2D8663D800D604C9 /* mouth.pdf */ = {isa = PBXFileReference; lastKnownFileType = image.pdf; path = mouth.pdf; sourceTree = "<group>"; };
		BBB9F8C02D8663D800D604C9 /* Contents.json */ = {isa = PBXFileReference; lastKnownFileType = text.json; path = Contents.json; sourceTree = "<group>"; };
		BBB9F8C22D8663D800D604C9 /* Contents.json */ = {isa = PBXFileReference; lastKnownFileType = text.json; path = Contents.json; sourceTree = "<group>"; };
		BBB9F8C32D8663D800D604C9 /* legRight.pdf */ = {isa = PBXFileReference; lastKnownFileType = image.pdf; path = legRight.pdf; sourceTree = "<group>"; };
		BBB9F8C62D86643400D604C9 /* File.swift */ = {isa = PBXFileReference; lastKnownFileType = sourcecode.swift; path = File.swift; sourceTree = "<group>"; };
/* End PBXFileReference section */

/* Begin PBXFrameworksBuildPhase section */
		BBB9F8272D8143AB00D604C9 /* Frameworks */ = {
			isa = PBXFrameworksBuildPhase;
			buildActionMask = 2147483647;
			files = (
			);
			runOnlyForDeploymentPostprocessing = 0;
		};
		BBB9F8372D8143AC00D604C9 /* Frameworks */ = {
			isa = PBXFrameworksBuildPhase;
			buildActionMask = 2147483647;
			files = (
			);
			runOnlyForDeploymentPostprocessing = 0;
		};
		BBB9F8412D8143AC00D604C9 /* Frameworks */ = {
			isa = PBXFrameworksBuildPhase;
			buildActionMask = 2147483647;
			files = (
			);
			runOnlyForDeploymentPostprocessing = 0;
		};
/* End PBXFrameworksBuildPhase section */

/* Begin PBXGroup section */
		BBB9F8212D8143AB00D604C9 = {
			isa = PBXGroup;
			children = (
				BBB9F89B2D8663D700D604C9 /* DuoCharacter */,
				BBB9F82B2D8143AB00D604C9 /* Products */,
			);
			sourceTree = "<group>";
		};
		BBB9F82B2D8143AB00D604C9 /* Products */ = {
			isa = PBXGroup;
			children = (
				BBB9F82A2D8143AB00D604C9 /* taskXP.app */,
				BBB9F83A2D8143AC00D604C9 /* taskXPTests.xctest */,
				BBB9F8442D8143AC00D604C9 /* taskXPUITests.xctest */,
			);
			name = Products;
			sourceTree = "<group>";
		};
		BBB9F89B2D8663D700D604C9 /* DuoCharacter */ = {
			isa = PBXGroup;
			children = (
				BBB9F8A92D8663D700D604C9 /* body.imageset */,
				BBB9F8BE2D8663D800D604C9 /* duoMouth.imageset */,
				BBB9F8B52D8663D800D604C9 /* eyelid.imageset */,
				BBB9F89D2D8663D700D604C9 /* eyes.imageset */,
				BBB9F8AF2D8663D700D604C9 /* face.imageset */,
				BBB9F8B22D8663D800D604C9 /* floor.imageset */,
				BBB9F8A32D8663D700D604C9 /* leftHand.imageset */,
				BBB9F8BB2D8663D800D604C9 /* legLeft.imageset */,
				BBB9F8C12D8663D800D604C9 /* legRight.imageset */,
				BBB9F8B82D8663D800D604C9 /* nose.imageset */,
				BBB9F8A02D8663D700D604C9 /* pipul.imageset */,
				BBB9F8A62D8663D700D604C9 /* rightHand.imageset */,
				BBB9F8AC2D8663D700D604C9 /* thoung.imageset */,
				BBB9F89C2D8663D700D604C9 /* Contents.json */,
				BBB9F8C62D86643400D604C9 /* File.swift */,
			);
			path = DuoCharacter;
			sourceTree = "<group>";
		};
		BBB9F89D2D8663D700D604C9 /* eyes.imageset */ = {
			isa = PBXGroup;
			children = (
				BBB9F89E2D8663D700D604C9 /* Contents.json */,
				BBB9F89F2D8663D700D604C9 /* eyes.pdf */,
			);
			path = eyes.imageset;
			sourceTree = "<group>";
		};
		BBB9F8A02D8663D700D604C9 /* pipul.imageset */ = {
			isa = PBXGroup;
			children = (
				BBB9F8A22D8663D700D604C9 /* Contents.json */,
				BBB9F8A12D8663D700D604C9 /* pipul.pdf */,
			);
			path = pipul.imageset;
			sourceTree = "<group>";
		};
		BBB9F8A32D8663D700D604C9 /* leftHand.imageset */ = {
			isa = PBXGroup;
			children = (
				BBB9F8A42D8663D700D604C9 /* Contents.json */,
				BBB9F8A52D8663D700D604C9 /* leftHand.pdf */,
			);
			path = leftHand.imageset;
			sourceTree = "<group>";
		};
		BBB9F8A62D8663D700D604C9 /* rightHand.imageset */ = {
			isa = PBXGroup;
			children = (
				BBB9F8A72D8663D700D604C9 /* Contents.json */,
				BBB9F8A82D8663D700D604C9 /* rightHand.pdf */,
			);
			path = rightHand.imageset;
			sourceTree = "<group>";
		};
		BBB9F8A92D8663D700D604C9 /* body.imageset */ = {
			isa = PBXGroup;
			children = (
				BBB9F8AB2D8663D700D604C9 /* body.pdf */,
				BBB9F8AA2D8663D700D604C9 /* Contents.json */,
			);
			path = body.imageset;
			sourceTree = "<group>";
		};
		BBB9F8AC2D8663D700D604C9 /* thoung.imageset */ = {
			isa = PBXGroup;
			children = (
				BBB9F8AE2D8663D700D604C9 /* Contents.json */,
				BBB9F8AD2D8663D700D604C9 /* thoung.pdf */,
			);
			path = thoung.imageset;
			sourceTree = "<group>";
		};
		BBB9F8AF2D8663D700D604C9 /* face.imageset */ = {
			isa = PBXGroup;
			children = (
				BBB9F8B02D8663D700D604C9 /* Contents.json */,
				BBB9F8B12D8663D700D604C9 /* face.pdf */,
			);
			path = face.imageset;
			sourceTree = "<group>";
		};
		BBB9F8B22D8663D800D604C9 /* floor.imageset */ = {
			isa = PBXGroup;
			children = (
				BBB9F8B32D8663D800D604C9 /* Contents.json */,
				BBB9F8B42D8663D800D604C9 /* floor.pdf */,
			);
			path = floor.imageset;
			sourceTree = "<group>";
		};
		BBB9F8B52D8663D800D604C9 /* eyelid.imageset */ = {
			isa = PBXGroup;
			children = (
				BBB9F8B62D8663D800D604C9 /* Contents.json */,
				BBB9F8B72D8663D800D604C9 /* eyelid.pdf */,
			);
			path = eyelid.imageset;
			sourceTree = "<group>";
		};
		BBB9F8B82D8663D800D604C9 /* nose.imageset */ = {
			isa = PBXGroup;
			children = (
				BBB9F8BA2D8663D800D604C9 /* Contents.json */,
				BBB9F8B92D8663D800D604C9 /* nose.pdf */,
			);
			path = nose.imageset;
			sourceTree = "<group>";
		};
		BBB9F8BB2D8663D800D604C9 /* legLeft.imageset */ = {
			isa = PBXGroup;
			children = (
				BBB9F8BD2D8663D800D604C9 /* Contents.json */,
				BBB9F8BC2D8663D800D604C9 /* legLeft.pdf */,
			);
			path = legLeft.imageset;
			sourceTree = "<group>";
		};
		BBB9F8BE2D8663D800D604C9 /* duoMouth.imageset */ = {
			isa = PBXGroup;
			children = (
				BBB9F8C02D8663D800D604C9 /* Contents.json */,
				BBB9F8BF2D8663D800D604C9 /* mouth.pdf */,
			);
			path = duoMouth.imageset;
			sourceTree = "<group>";
		};
		BBB9F8C12D8663D800D604C9 /* legRight.imageset */ = {
			isa = PBXGroup;
			children = (
				BBB9F8C22D8663D800D604C9 /* Contents.json */,
				BBB9F8C32D8663D800D604C9 /* legRight.pdf */,
			);
			path = legRight.imageset;
			sourceTree = "<group>";
		};
/* End PBXGroup section */

/* Begin PBXNativeTarget section */
		BBB9F8292D8143AB00D604C9 /* taskXP */ = {
			isa = PBXNativeTarget;
			buildConfigurationList = BBB9F84E2D8143AC00D604C9 /* Build configuration list for PBXNativeTarget "taskXP" */;
			buildPhases = (
				BBB9F8262D8143AB00D604C9 /* Sources */,
				BBB9F8272D8143AB00D604C9 /* Frameworks */,
				BBB9F8282D8143AB00D604C9 /* Resources */,
			);
			buildRules = (
			);
			dependencies = (
			);
			name = taskXP;
			productName = taskXP;
			productReference = BBB9F82A2D8143AB00D604C9 /* taskXP.app */;
			productType = "com.apple.product-type.application";
		};
		BBB9F8392D8143AC00D604C9 /* taskXPTests */ = {
			isa = PBXNativeTarget;
			buildConfigurationList = BBB9F8512D8143AC00D604C9 /* Build configuration list for PBXNativeTarget "taskXPTests" */;
			buildPhases = (
				BBB9F8362D8143AC00D604C9 /* Sources */,
				BBB9F8372D8143AC00D604C9 /* Frameworks */,
				BBB9F8382D8143AC00D604C9 /* Resources */,
			);
			buildRules = (
			);
			dependencies = (
				BBB9F83C2D8143AC00D604C9 /* PBXTargetDependency */,
			);
			name = taskXPTests;
			productName = taskXPTests;
			productReference = BBB9F83A2D8143AC00D604C9 /* taskXPTests.xctest */;
			productType = "com.apple.product-type.bundle.unit-test";
		};
		BBB9F8432D8143AC00D604C9 /* taskXPUITests */ = {
			isa = PBXNativeTarget;
			buildConfigurationList = BBB9F8542D8143AC00D604C9 /* Build configuration list for PBXNativeTarget "taskXPUITests" */;
			buildPhases = (
				BBB9F8402D8143AC00D604C9 /* Sources */,
				BBB9F8412D8143AC00D604C9 /* Frameworks */,
				BBB9F8422D8143AC00D604C9 /* Resources */,
			);
			buildRules = (
			);
			dependencies = (
				BBB9F8462D8143AC00D604C9 /* PBXTargetDependency */,
			);
			name = taskXPUITests;
			productName = taskXPUITests;
			productReference = BBB9F8442D8143AC00D604C9 /* taskXPUITests.xctest */;
			productType = "com.apple.product-type.bundle.ui-testing";
		};
/* End PBXNativeTarget section */

/* Begin PBXProject section */
		BBB9F8222D8143AB00D604C9 /* Project object */ = {
			isa = PBXProject;
			attributes = {
				BuildIndependentTargetsInParallel = 1;
				LastSwiftUpdateCheck = 1540;
				LastUpgradeCheck = 1540;
				TargetAttributes = {
					BBB9F8292D8143AB00D604C9 = {
						CreatedOnToolsVersion = 15.4;
					};
					BBB9F8392D8143AC00D604C9 = {
						CreatedOnToolsVersion = 15.4;
						TestTargetID = BBB9F8292D8143AB00D604C9;
					};
					BBB9F8432D8143AC00D604C9 = {
						CreatedOnToolsVersion = 15.4;
						TestTargetID = BBB9F8292D8143AB00D604C9;
					};
				};
			};
			buildConfigurationList = BBB9F8252D8143AB00D604C9 /* Build configuration list for PBXProject "taskXP" */;
			compatibilityVersion = "Xcode 14.0";
			developmentRegion = en;
			hasScannedForEncodings = 0;
			knownRegions = (
				en,
				Base,
			);
			mainGroup = BBB9F8212D8143AB00D604C9;
			productRefGroup = BBB9F82B2D8143AB00D604C9 /* Products */;
			projectDirPath = "";
			projectRoot = "";
			targets = (
				BBB9F8292D8143AB00D604C9 /* taskXP */,
				BBB9F8392D8143AC00D604C9 /* taskXPTests */,
				BBB9F8432D8143AC00D604C9 /* taskXPUITests */,
			);
		};
/* End PBXProject section */

/* Begin PBXResourcesBuildPhase section */
		BBB9F8282D8143AB00D604C9 /* Resources */ = {
			isa = PBXResourcesBuildPhase;
			buildActionMask = 2147483647;
			files = (
			);
			runOnlyForDeploymentPostprocessing = 0;
		};
		BBB9F8382D8143AC00D604C9 /* Resources */ = {
			isa = PBXResourcesBuildPhase;
			buildActionMask = 2147483647;
			files = (
			);
			runOnlyForDeploymentPostprocessing = 0;
		};
		BBB9F8422D8143AC00D604C9 /* Resources */ = {
			isa = PBXResourcesBuildPhase;
			buildActionMask = 2147483647;
			files = (
			);
			runOnlyForDeploymentPostprocessing = 0;
		};
/* End PBXResourcesBuildPhase section */

/* Begin PBXSourcesBuildPhase section */
		BBB9F8262D8143AB00D604C9 /* Sources */ = {
			isa = PBXSourcesBuildPhase;
			buildActionMask = 2147483647;
			files = (
			);
			runOnlyForDeploymentPostprocessing = 0;
		};
		BBB9F8362D8143AC00D604C9 /* Sources */ = {
			isa = PBXSourcesBuildPhase;
			buildActionMask = 2147483647;
			files = (
			);
			runOnlyForDeploymentPostprocessing = 0;
		};
		BBB9F8402D8143AC00D604C9 /* Sources */ = {
			isa = PBXSourcesBuildPhase;
			buildActionMask = 2147483647;
			files = (
				BBB9F8C72D86643400D604C9 /* File.swift in Sources */,
			);
			runOnlyForDeploymentPostprocessing = 0;
		};
/* End PBXSourcesBuildPhase section */

/* Begin PBXTargetDependency section */
		BBB9F83C2D8143AC00D604C9 /* PBXTargetDependency */ = {
			isa = PBXTargetDependency;
			target = BBB9F8292D8143AB00D604C9 /* taskXP */;
			targetProxy = BBB9F83B2D8143AC00D604C9 /* PBXContainerItemProxy */;
		};
		BBB9F8462D8143AC00D604C9 /* PBXTargetDependency */ = {
			isa = PBXTargetDependency;
			target = BBB9F8292D8143AB00D604C9 /* taskXP */;
			targetProxy = BBB9F8452D8143AC00D604C9 /* PBXContainerItemProxy */;
		};
/* End PBXTargetDependency section */

/* Begin XCBuildConfiguration section */
		BBB9F84C2D8143AC00D604C9 /* Debug */ = {
			isa = XCBuildConfiguration;
			buildSettings = {
				ALWAYS_SEARCH_USER_PATHS = NO;
				ASSETCATALOG_COMPILER_GENERATE_SWIFT_ASSET_SYMBOL_EXTENSIONS = YES;
				CLANG_ANALYZER_NONNULL = YES;
				CLANG_ANALYZER_NUMBER_OBJECT_CONVERSION = YES_AGGRESSIVE;
				CLANG_CXX_LANGUAGE_STANDARD = "gnu++20";
				CLANG_ENABLE_MODULES = YES;
				CLANG_ENABLE_OBJC_ARC = YES;
				CLANG_ENABLE_OBJC_WEAK = YES;
				CLANG_WARN_BLOCK_CAPTURE_AUTORELEASING = YES;
				CLANG_WARN_BOOL_CONVERSION = YES;
				CLANG_WARN_COMMA = YES;
				CLANG_WARN_CONSTANT_CONVERSION = YES;
				CLANG_WARN_DEPRECATED_OBJC_IMPLEMENTATIONS = YES;
				CLANG_WARN_DIRECT_OBJC_ISA_USAGE = YES_ERROR;
				CLANG_WARN_DOCUMENTATION_COMMENTS = YES;
				CLANG_WARN_EMPTY_BODY = YES;
				CLANG_WARN_ENUM_CONVERSION = YES;
				CLANG_WARN_INFINITE_RECURSION = YES;
				CLANG_WARN_INT_CONVERSION = YES;
				CLANG_WARN_NON_LITERAL_NULL_CONVERSION = YES;
				CLANG_WARN_OBJC_IMPLICIT_RETAIN_SELF = YES;
				CLANG_WARN_OBJC_LITERAL_CONVERSION = YES;
				CLANG_WARN_OBJC_ROOT_CLASS = YES_ERROR;
				CLANG_WARN_QUOTED_INCLUDE_IN_FRAMEWORK_HEADER = YES;
				CLANG_WARN_RANGE_LOOP_ANALYSIS = YES;
				CLANG_WARN_STRICT_PROTOTYPES = YES;
				CLANG_WARN_SUSPICIOUS_MOVE = YES;
				CLANG_WARN_UNGUARDED_AVAILABILITY = YES_AGGRESSIVE;
				CLANG_WARN_UNREACHABLE_CODE = YES;
				CLANG_WARN__DUPLICATE_METHOD_MATCH = YES;
				COPY_PHASE_STRIP = NO;
				DEBUG_INFORMATION_FORMAT = dwarf;
				ENABLE_STRICT_OBJC_MSGSEND = YES;
				ENABLE_TESTABILITY = YES;
				ENABLE_USER_SCRIPT_SANDBOXING = YES;
				GCC_C_LANGUAGE_STANDARD = gnu17;
				GCC_DYNAMIC_NO_PIC = NO;
				GCC_NO_COMMON_BLOCKS = YES;
				GCC_OPTIMIZATION_LEVEL = 0;
				GCC_PREPROCESSOR_DEFINITIONS = (
					"DEBUG=1",
					"$(inherited)",
				);
				GCC_WARN_64_TO_32_BIT_CONVERSION = YES;
				GCC_WARN_ABOUT_RETURN_TYPE = YES_ERROR;
				GCC_WARN_UNDECLARED_SELECTOR = YES;
				GCC_WARN_UNINITIALIZED_AUTOS = YES_AGGRESSIVE;
				GCC_WARN_UNUSED_FUNCTION = YES;
				GCC_WARN_UNUSED_VARIABLE = YES;
				IPHONEOS_DEPLOYMENT_TARGET = 17.5;
				LOCALIZATION_PREFERS_STRING_CATALOGS = YES;
				MTL_ENABLE_DEBUG_INFO = INCLUDE_SOURCE;
				MTL_FAST_MATH = YES;
				ONLY_ACTIVE_ARCH = YES;
				SDKROOT = iphoneos;
				SWIFT_ACTIVE_COMPILATION_CONDITIONS = "DEBUG $(inherited)";
				SWIFT_OPTIMIZATION_LEVEL = "-Onone";
			};
			name = Debug;
		};
		BBB9F84D2D8143AC00D604C9 /* Release */ = {
			isa = XCBuildConfiguration;
			buildSettings = {
				ALWAYS_SEARCH_USER_PATHS = NO;
				ASSETCATALOG_COMPILER_GENERATE_SWIFT_ASSET_SYMBOL_EXTENSIONS = YES;
				CLANG_ANALYZER_NONNULL = YES;
				CLANG_ANALYZER_NUMBER_OBJECT_CONVERSION = YES_AGGRESSIVE;
				CLANG_CXX_LANGUAGE_STANDARD = "gnu++20";
				CLANG_ENABLE_MODULES = YES;
				CLANG_ENABLE_OBJC_ARC = YES;
				CLANG_ENABLE_OBJC_WEAK = YES;
				CLANG_WARN_BLOCK_CAPTURE_AUTORELEASING = YES;
				CLANG_WARN_BOOL_CONVERSION = YES;
				CLANG_WARN_COMMA = YES;
				CLANG_WARN_CONSTANT_CONVERSION = YES;
				CLANG_WARN_DEPRECATED_OBJC_IMPLEMENTATIONS = YES;
				CLANG_WARN_DIRECT_OBJC_ISA_USAGE = YES_ERROR;
				CLANG_WARN_DOCUMENTATION_COMMENTS = YES;
				CLANG_WARN_EMPTY_BODY = YES;
				CLANG_WARN_ENUM_CONVERSION = YES;
				CLANG_WARN_INFINITE_RECURSION = YES;
				CLANG_WARN_INT_CONVERSION = YES;
				CLANG_WARN_NON_LITERAL_NULL_CONVERSION = YES;
				CLANG_WARN_OBJC_IMPLICIT_RETAIN_SELF = YES;
				CLANG_WARN_OBJC_LITERAL_CONVERSION = YES;
				CLANG_WARN_OBJC_ROOT_CLASS = YES_ERROR;
				CLANG_WARN_QUOTED_INCLUDE_IN_FRAMEWORK_HEADER = YES;
				CLANG_WARN_RANGE_LOOP_ANALYSIS = YES;
				CLANG_WARN_STRICT_PROTOTYPES = YES;
				CLANG_WARN_SUSPICIOUS_MOVE = YES;
				CLANG_WARN_UNGUARDED_AVAILABILITY = YES_AGGRESSIVE;
				CLANG_WARN_UNREACHABLE_CODE = YES;
				CLANG_WARN__DUPLICATE_METHOD_MATCH = YES;
				COPY_PHASE_STRIP = NO;
				DEBUG_INFORMATION_FORMAT = "dwarf-with-dsym";
				ENABLE_NS_ASSERTIONS = NO;
				ENABLE_STRICT_OBJC_MSGSEND = YES;
				ENABLE_USER_SCRIPT_SANDBOXING = YES;
				GCC_C_LANGUAGE_STANDARD = gnu17;
				GCC_NO_COMMON_BLOCKS = YES;
				GCC_WARN_64_TO_32_BIT_CONVERSION = YES;
				GCC_WARN_ABOUT_RETURN_TYPE = YES_ERROR;
				GCC_WARN_UNDECLARED_SELECTOR = YES;
				GCC_WARN_UNINITIALIZED_AUTOS = YES_AGGRESSIVE;
				GCC_WARN_UNUSED_FUNCTION = YES;
				GCC_WARN_UNUSED_VARIABLE = YES;
				IPHONEOS_DEPLOYMENT_TARGET = 17.5;
				LOCALIZATION_PREFERS_STRING_CATALOGS = YES;
				MTL_ENABLE_DEBUG_INFO = NO;
				MTL_FAST_MATH = YES;
				SDKROOT = iphoneos;
				SWIFT_COMPILATION_MODE = wholemodule;
				VALIDATE_PRODUCT = YES;
			};
			name = Release;
		};
		BBB9F84F2D8143AC00D604C9 /* Debug */ = {
			isa = XCBuildConfiguration;
			buildSettings = {
				ASSETCATALOG_COMPILER_APPICON_NAME = AppIcon;
				ASSETCATALOG_COMPILER_GLOBAL_ACCENT_COLOR_NAME = AccentColor;
				CODE_SIGN_STYLE = Automatic;
				CURRENT_PROJECT_VERSION = 1;
				DEVELOPMENT_ASSET_PATHS = "\"taskXP/Preview Content\"";
				ENABLE_PREVIEWS = YES;
				GENERATE_INFOPLIST_FILE = YES;
				INFOPLIST_KEY_UIApplicationSceneManifest_Generation = YES;
				INFOPLIST_KEY_UIApplicationSupportsIndirectInputEvents = YES;
				INFOPLIST_KEY_UILaunchScreen_Generation = YES;
				INFOPLIST_KEY_UISupportedInterfaceOrientations_iPad = "UIInterfaceOrientationPortrait UIInterfaceOrientationPortraitUpsideDown UIInterfaceOrientationLandscapeLeft UIInterfaceOrientationLandscapeRight";
				INFOPLIST_KEY_UISupportedInterfaceOrientations_iPhone = "UIInterfaceOrientationPortrait UIInterfaceOrientationLandscapeLeft UIInterfaceOrientationLandscapeRight";
				LD_RUNPATH_SEARCH_PATHS = (
					"$(inherited)",
					"@executable_path/Frameworks",
				);
				MARKETING_VERSION = 1.0;
				PRODUCT_BUNDLE_IDENTIFIER = taskxp.taskXP;
				PRODUCT_NAME = "$(TARGET_NAME)";
				SWIFT_EMIT_LOC_STRINGS = YES;
				SWIFT_VERSION = 5.0;
				TARGETED_DEVICE_FAMILY = "1,2";
			};
			name = Debug;
		};
		BBB9F8502D8143AC00D604C9 /* Release */ = {
			isa = XCBuildConfiguration;
			buildSettings = {
				ASSETCATALOG_COMPILER_APPICON_NAME = AppIcon;
				ASSETCATALOG_COMPILER_GLOBAL_ACCENT_COLOR_NAME = AccentColor;
				CODE_SIGN_STYLE = Automatic;
				CURRENT_PROJECT_VERSION = 1;
				DEVELOPMENT_ASSET_PATHS = "\"taskXP/Preview Content\"";
				ENABLE_PREVIEWS = YES;
				GENERATE_INFOPLIST_FILE = YES;
				INFOPLIST_KEY_UIApplicationSceneManifest_Generation = YES;
				INFOPLIST_KEY_UIApplicationSupportsIndirectInputEvents = YES;
				INFOPLIST_KEY_UILaunchScreen_Generation = YES;
				INFOPLIST_KEY_UISupportedInterfaceOrientations_iPad = "UIInterfaceOrientationPortrait UIInterfaceOrientationPortraitUpsideDown UIInterfaceOrientationLandscapeLeft UIInterfaceOrientationLandscapeRight";
				INFOPLIST_KEY_UISupportedInterfaceOrientations_iPhone = "UIInterfaceOrientationPortrait UIInterfaceOrientationLandscapeLeft UIInterfaceOrientationLandscapeRight";
				LD_RUNPATH_SEARCH_PATHS = (
					"$(inherited)",
					"@executable_path/Frameworks",
				);
				MARKETING_VERSION = 1.0;
				PRODUCT_BUNDLE_IDENTIFIER = taskxp.taskXP;
				PRODUCT_NAME = "$(TARGET_NAME)";
				SWIFT_EMIT_LOC_STRINGS = YES;
				SWIFT_VERSION = 5.0;
				TARGETED_DEVICE_FAMILY = "1,2";
			};
			name = Release;
		};
		BBB9F8522D8143AC00D604C9 /* Debug */ = {
			isa = XCBuildConfiguration;
			buildSettings = {
				BUNDLE_LOADER = "$(TEST_HOST)";
				CODE_SIGN_STYLE = Automatic;
				CURRENT_PROJECT_VERSION = 1;
				GENERATE_INFOPLIST_FILE = YES;
				IPHONEOS_DEPLOYMENT_TARGET = 17.5;
				MARKETING_VERSION = 1.0;
				PRODUCT_BUNDLE_IDENTIFIER = taskxp.taskXPTests;
				PRODUCT_NAME = "$(TARGET_NAME)";
				SWIFT_EMIT_LOC_STRINGS = NO;
				SWIFT_VERSION = 5.0;
				TARGETED_DEVICE_FAMILY = "1,2";
				TEST_HOST = "$(BUILT_PRODUCTS_DIR)/taskXP.app/$(BUNDLE_EXECUTABLE_FOLDER_PATH)/taskXP";
			};
			name = Debug;
		};
		BBB9F8532D8143AC00D604C9 /* Release */ = {
			isa = XCBuildConfiguration;
			buildSettings = {
				BUNDLE_LOADER = "$(TEST_HOST)";
				CODE_SIGN_STYLE = Automatic;
				CURRENT_PROJECT_VERSION = 1;
				GENERATE_INFOPLIST_FILE = YES;
				IPHONEOS_DEPLOYMENT_TARGET = 17.5;
				MARKETING_VERSION = 1.0;
				PRODUCT_BUNDLE_IDENTIFIER = taskxp.taskXPTests;
				PRODUCT_NAME = "$(TARGET_NAME)";
				SWIFT_EMIT_LOC_STRINGS = NO;
				SWIFT_VERSION = 5.0;
				TARGETED_DEVICE_FAMILY = "1,2";
				TEST_HOST = "$(BUILT_PRODUCTS_DIR)/taskXP.app/$(BUNDLE_EXECUTABLE_FOLDER_PATH)/taskXP";
			};
			name = Release;
		};
		BBB9F8552D8143AC00D604C9 /* Debug */ = {
			isa = XCBuildConfiguration;
			buildSettings = {
				CODE_SIGN_STYLE = Automatic;
				CURRENT_PROJECT_VERSION = 1;
				GENERATE_INFOPLIST_FILE = YES;
				MARKETING_VERSION = 1.0;
				PRODUCT_BUNDLE_IDENTIFIER = taskxp.taskXPUITests;
				PRODUCT_NAME = "$(TARGET_NAME)";
				SWIFT_EMIT_LOC_STRINGS = NO;
				SWIFT_VERSION = 5.0;
				TARGETED_DEVICE_FAMILY = "1,2";
				TEST_TARGET_NAME = taskXP;
			};
			name = Debug;
		};
		BBB9F8562D8143AC00D604C9 /* Release */ = {
			isa = XCBuildConfiguration;
			buildSettings = {
				CODE_SIGN_STYLE = Automatic;
				CURRENT_PROJECT_VERSION = 1;
				GENERATE_INFOPLIST_FILE = YES;
				MARKETING_VERSION = 1.0;
				PRODUCT_BUNDLE_IDENTIFIER = taskxp.taskXPUITests;
				PRODUCT_NAME = "$(TARGET_NAME)";
				SWIFT_EMIT_LOC_STRINGS = NO;
				SWIFT_VERSION = 5.0;
				TARGETED_DEVICE_FAMILY = "1,2";
				TEST_TARGET_NAME = taskXP;
			};
			name = Release;
		};
/* End XCBuildConfiguration section */

/* Begin XCConfigurationList section */
		BBB9F8252D8143AB00D604C9 /* Build configuration list for PBXProject "taskXP" */ = {
			isa = XCConfigurationList;
			buildConfigurations = (
				BBB9F84C2D8143AC00D604C9 /* Debug */,
				BBB9F84D2D8143AC00D604C9 /* Release */,
			);
			defaultConfigurationIsVisible = 0;
			defaultConfigurationName = Release;
		};
		BBB9F84E2D8143AC00D604C9 /* Build configuration list for PBXNativeTarget "taskXP" */ = {
			isa = XCConfigurationList;
			buildConfigurations = (
				BBB9F84F2D8143AC00D604C9 /* Debug */,
				BBB9F8502D8143AC00D604C9 /* Release */,
			);
			defaultConfigurationIsVisible = 0;
			defaultConfigurationName = Release;
		};
		BBB9F8512D8143AC00D604C9 /* Build configuration list for PBXNativeTarget "taskXPTests" */ = {
			isa = XCConfigurationList;
			buildConfigurations = (
				BBB9F8522D8143AC00D604C9 /* Debug */,
				BBB9F8532D8143AC00D604C9 /* Release */,
			);
			defaultConfigurationIsVisible = 0;
			defaultConfigurationName = Release;
		};
		BBB9F8542D8143AC00D604C9 /* Build configuration list for PBXNativeTarget "taskXPUITests" */ = {
			isa = XCConfigurationList;
			buildConfigurations = (
				BBB9F8552D8143AC00D604C9 /* Debug */,
				BBB9F8562D8143AC00D604C9 /* Release */,
			);
			defaultConfigurationIsVisible = 0;
			defaultConfigurationName = Release;
		};
/* End XCConfigurationList section */
	};
	rootObject = BBB9F8222D8143AB00D604C9 /* Project object */;
}
